// !$*UTF8*$!
{
	archiveVersion = 1;
	classes = {
	};
	objectVersion = 46;
	objects = {

/* Begin PBXBuildFile section */
		5967155A1EC2B6FF00D234DE /* main.m in Sources */ = {isa = PBXBuildFile; fileRef = 596715591EC2B6FF00D234DE /* main.m */; };
		5967155D1EC2B6FF00D234DE /* AppDelegate.m in Sources */ = {isa = PBXBuildFile; fileRef = 5967155C1EC2B6FF00D234DE /* AppDelegate.m */; };
		596715601EC2B6FF00D234DE /* ViewController.m in Sources */ = {isa = PBXBuildFile; fileRef = 5967155F1EC2B6FF00D234DE /* ViewController.m */; };
		596715631EC2B6FF00D234DE /* Main.storyboard in Resources */ = {isa = PBXBuildFile; fileRef = 596715611EC2B6FF00D234DE /* Main.storyboard */; };
		596715651EC2B6FF00D234DE /* Assets.xcassets in Resources */ = {isa = PBXBuildFile; fileRef = 596715641EC2B6FF00D234DE /* Assets.xcassets */; };
		596715681EC2B6FF00D234DE /* LaunchScreen.storyboard in Resources */ = {isa = PBXBuildFile; fileRef = 596715661EC2B6FF00D234DE /* LaunchScreen.storyboard */; };
		596715781EC2B72A00D234DE /* WebViewJavascriptBridge.m in Sources */ = {isa = PBXBuildFile; fileRef = 596715711EC2B72A00D234DE /* WebViewJavascriptBridge.m */; };
		596715791EC2B72A00D234DE /* WebViewJavascriptBridge_JS.m in Sources */ = {isa = PBXBuildFile; fileRef = 596715731EC2B72A00D234DE /* WebViewJavascriptBridge_JS.m */; };
		5967157A1EC2B72A00D234DE /* WebViewJavascriptBridgeBase.m in Sources */ = {isa = PBXBuildFile; fileRef = 596715751EC2B72A00D234DE /* WebViewJavascriptBridgeBase.m */; };
		5967157B1EC2B72A00D234DE /* WKWebViewJavascriptBridge.m in Sources */ = {isa = PBXBuildFile; fileRef = 596715771EC2B72A00D234DE /* WKWebViewJavascriptBridge.m */; };
		5967157D1EC2BBC300D234DE /* changeString.html in Resources */ = {isa = PBXBuildFile; fileRef = 5967157C1EC2BBC300D234DE /* changeString.html */; };
		59A1E5A21EC30F9000D64E0C /* demo.html in Resources */ = {isa = PBXBuildFile; fileRef = 59A1E5A11EC30F9000D64E0C /* demo.html */; };
/* End PBXBuildFile section */

/* Begin PBXFileReference section */
		596715551EC2B6FF00D234DE /* JS与OC交互.app */ = {isa = PBXFileReference; explicitFileType = wrapper.application; includeInIndex = 0; path = "JS与OC交互.app"; sourceTree = BUILT_PRODUCTS_DIR; };
		596715591EC2B6FF00D234DE /* main.m */ = {isa = PBXFileReference; lastKnownFileType = sourcecode.c.objc; path = main.m; sourceTree = "<group>"; };
		5967155B1EC2B6FF00D234DE /* AppDelegate.h */ = {isa = PBXFileReference; lastKnownFileType = sourcecode.c.h; path = AppDelegate.h; sourceTree = "<group>"; };
		5967155C1EC2B6FF00D234DE /* AppDelegate.m */ = {isa = PBXFileReference; lastKnownFileType = sourcecode.c.objc; path = AppDelegate.m; sourceTree = "<group>"; };
		5967155E1EC2B6FF00D234DE /* ViewController.h */ = {isa = PBXFileReference; lastKnownFileType = sourcecode.c.h; path = ViewController.h; sourceTree = "<group>"; };
		5967155F1EC2B6FF00D234DE /* ViewController.m */ = {isa = PBXFileReference; lastKnownFileType = sourcecode.c.objc; path = ViewController.m; sourceTree = "<group>"; };
		596715621EC2B6FF00D234DE /* Base */ = {isa = PBXFileReference; lastKnownFileType = file.storyboard; name = Base; path = Base.lproj/Main.storyboard; sourceTree = "<group>"; };
		596715641EC2B6FF00D234DE /* Assets.xcassets */ = {isa = PBXFileReference; lastKnownFileType = folder.assetcatalog; path = Assets.xcassets; sourceTree = "<group>"; };
		596715671EC2B6FF00D234DE /* Base */ = {isa = PBXFileReference; lastKnownFileType = file.storyboard; name = Base; path = Base.lproj/LaunchScreen.storyboard; sourceTree = "<group>"; };
		596715691EC2B6FF00D234DE /* Info.plist */ = {isa = PBXFileReference; lastKnownFileType = text.plist.xml; path = Info.plist; sourceTree = "<group>"; };
		596715701EC2B72A00D234DE /* WebViewJavascriptBridge.h */ = {isa = PBXFileReference; fileEncoding = 4; lastKnownFileType = sourcecode.c.h; path = WebViewJavascriptBridge.h; sourceTree = "<group>"; };
		596715711EC2B72A00D234DE /* WebViewJavascriptBridge.m */ = {isa = PBXFileReference; fileEncoding = 4; lastKnownFileType = sourcecode.c.objc; path = WebViewJavascriptBridge.m; sourceTree = "<group>"; };
		596715721EC2B72A00D234DE /* WebViewJavascriptBridge_JS.h */ = {isa = PBXFileReference; fileEncoding = 4; lastKnownFileType = sourcecode.c.h; path = WebViewJavascriptBridge_JS.h; sourceTree = "<group>"; };
		596715731EC2B72A00D234DE /* WebViewJavascriptBridge_JS.m */ = {isa = PBXFileReference; fileEncoding = 4; lastKnownFileType = sourcecode.c.objc; path = WebViewJavascriptBridge_JS.m; sourceTree = "<group>"; };
		596715741EC2B72A00D234DE /* WebViewJavascriptBridgeBase.h */ = {isa = PBXFileReference; fileEncoding = 4; lastKnownFileType = sourcecode.c.h; path = WebViewJavascriptBridgeBase.h; sourceTree = "<group>"; };
		596715751EC2B72A00D234DE /* WebViewJavascriptBridgeBase.m */ = {isa = PBXFileReference; fileEncoding = 4; lastKnownFileType = sourcecode.c.objc; path = WebViewJavascriptBridgeBase.m; sourceTree = "<group>"; };
		596715761EC2B72A00D234DE /* WKWebViewJavascriptBridge.h */ = {isa = PBXFileReference; fileEncoding = 4; lastKnownFileType = sourcecode.c.h; path = WKWebViewJavascriptBridge.h; sourceTree = "<group>"; };
		596715771EC2B72A00D234DE /* WKWebViewJavascriptBridge.m */ = {isa = PBXFileReference; fileEncoding = 4; lastKnownFileType = sourcecode.c.objc; path = WKWebViewJavascriptBridge.m; sourceTree = "<group>"; };
		5967157C1EC2BBC300D234DE /* changeString.html */ = {isa = PBXFileReference; fileEncoding = 4; lastKnownFileType = text.html; name = changeString.html; path = WebViewJavascriptBridge/changeString.html; sourceTree = "<group>"; };
		59A1E5A11EC30F9000D64E0C /* demo.html */ = {isa = PBXFileReference; fileEncoding = 4; lastKnownFileType = text.html; path = demo.html; sourceTree = "<group>"; };
/* End PBXFileReference section */

/* Begin PBXFrameworksBuildPhase section */
		596715521EC2B6FF00D234DE /* Frameworks */ = {
			isa = PBXFrameworksBuildPhase;
			buildActionMask = 2147483647;
			files = (
			);
			runOnlyForDeploymentPostprocessing = 0;
		};
/* End PBXFrameworksBuildPhase section */

/* Begin PBXGroup section */
		5967154C1EC2B6FF00D234DE = {
			isa = PBXGroup;
			children = (
				596715571EC2B6FF00D234DE /* JS与OC交互 */,
				596715561EC2B6FF00D234DE /* Products */,
			);
			sourceTree = "<group>";
		};
		596715561EC2B6FF00D234DE /* Products */ = {
			isa = PBXGroup;
			children = (
				596715551EC2B6FF00D234DE /* JS与OC交互.app */,
			);
			name = Products;
			sourceTree = "<group>";
		};
		596715571EC2B6FF00D234DE /* JS与OC交互 */ = {
			isa = PBXGroup;
			children = (
				5967156F1EC2B72A00D234DE /* WebViewJavascriptBridge */,
				5967157C1EC2BBC300D234DE /* changeString.html */,
				59A1E5A11EC30F9000D64E0C /* demo.html */,
				5967155B1EC2B6FF00D234DE /* AppDelegate.h */,
				5967155C1EC2B6FF00D234DE /* AppDelegate.m */,
				5967155E1EC2B6FF00D234DE /* ViewController.h */,
				5967155F1EC2B6FF00D234DE /* ViewController.m */,
				596715611EC2B6FF00D234DE /* Main.storyboard */,
				596715641EC2B6FF00D234DE /* Assets.xcassets */,
				596715661EC2B6FF00D234DE /* LaunchScreen.storyboard */,
				596715691EC2B6FF00D234DE /* Info.plist */,
				596715581EC2B6FF00D234DE /* Supporting Files */,
			);
			path = "JS与OC交互";
			sourceTree = "<group>";
		};
		596715581EC2B6FF00D234DE /* Supporting Files */ = {
			isa = PBXGroup;
			children = (
				596715591EC2B6FF00D234DE /* main.m */,
			);
			name = "Supporting Files";
			sourceTree = "<group>";
		};
		5967156F1EC2B72A00D234DE /* WebViewJavascriptBridge */ = {
			isa = PBXGroup;
			children = (
				596715701EC2B72A00D234DE /* WebViewJavascriptBridge.h */,
				596715711EC2B72A00D234DE /* WebViewJavascriptBridge.m */,
				596715721EC2B72A00D234DE /* WebViewJavascriptBridge_JS.h */,
				596715731EC2B72A00D234DE /* WebViewJavascriptBridge_JS.m */,
				596715741EC2B72A00D234DE /* WebViewJavascriptBridgeBase.h */,
				596715751EC2B72A00D234DE /* WebViewJavascriptBridgeBase.m */,
				596715761EC2B72A00D234DE /* WKWebViewJavascriptBridge.h */,
				596715771EC2B72A00D234DE /* WKWebViewJavascriptBridge.m */,
			);
			path = WebViewJavascriptBridge;
			sourceTree = "<group>";
		};
/* End PBXGroup section */

/* Begin PBXNativeTarget section */
		596715541EC2B6FF00D234DE /* JS与OC交互 */ = {
			isa = PBXNativeTarget;
			buildConfigurationList = 5967156C1EC2B6FF00D234DE /* Build configuration list for PBXNativeTarget "JS与OC交互" */;
			buildPhases = (
				596715511EC2B6FF00D234DE /* Sources */,
				596715521EC2B6FF00D234DE /* Frameworks */,
				596715531EC2B6FF00D234DE /* Resources */,
			);
			buildRules = (
			);
			dependencies = (
			);
			name = "JS与OC交互";
			productName = "JS与OC交互";
			productReference = 596715551EC2B6FF00D234DE /* JS与OC交互.app */;
			productType = "com.apple.product-type.application";
		};
/* End PBXNativeTarget section */

/* Begin PBXProject section */
		5967154D1EC2B6FF00D234DE /* Project object */ = {
			isa = PBXProject;
			attributes = {
				LastUpgradeCheck = 0830;
				ORGANIZATIONNAME = cyw;
				TargetAttributes = {
					596715541EC2B6FF00D234DE = {
						CreatedOnToolsVersion = 8.3.2;
						DevelopmentTeam = H7X2WW2UAU;
						ProvisioningStyle = Automatic;
					};
				};
			};
			buildConfigurationList = 596715501EC2B6FF00D234DE /* Build configuration list for PBXProject "JS与OC交互" */;
			compatibilityVersion = "Xcode 3.2";
			developmentRegion = English;
			hasScannedForEncodings = 0;
			knownRegions = (
				en,
				Base,
			);
			mainGroup = 5967154C1EC2B6FF00D234DE;
			productRefGroup = 596715561EC2B6FF00D234DE /* Products */;
			projectDirPath = "";
			projectRoot = "";
			targets = (
				596715541EC2B6FF00D234DE /* JS与OC交互 */,
			);
		};
/* End PBXProject section */

/* Begin PBXResourcesBuildPhase section */
		596715531EC2B6FF00D234DE /* Resources */ = {
			isa = PBXResourcesBuildPhase;
			buildActionMask = 2147483647;
			files = (
				596715681EC2B6FF00D234DE /* LaunchScreen.storyboard in Resources */,
				59A1E5A21EC30F9000D64E0C /* demo.html in Resources */,
				5967157D1EC2BBC300D234DE /* changeString.html in Resources */,
				596715651EC2B6FF00D234DE /* Assets.xcassets in Resources */,
				596715631EC2B6FF00D234DE /* Main.storyboard in Resources */,
			);
			runOnlyForDeploymentPostprocessing = 0;
		};
/* End PBXResourcesBuildPhase section */

/* Begin PBXSourcesBuildPhase section */
		596715511EC2B6FF00D234DE /* Sources */ = {
			isa = PBXSourcesBuildPhase;
			buildActionMask = 2147483647;
			files = (
				596715601EC2B6FF00D234DE /* ViewController.m in Sources */,
				596715781EC2B72A00D234DE /* WebViewJavascriptBridge.m in Sources */,
				5967155D1EC2B6FF00D234DE /* AppDelegate.m in Sources */,
				5967155A1EC2B6FF00D234DE /* main.m in Sources */,
				5967157A1EC2B72A00D234DE /* WebViewJavascriptBridgeBase.m in Sources */,
				596715791EC2B72A00D234DE /* WebViewJavascriptBridge_JS.m in Sources */,
				5967157B1EC2B72A00D234DE /* WKWebViewJavascriptBridge.m in Sources */,
			);
			runOnlyForDeploymentPostprocessing = 0;
		};
/* End PBXSourcesBuildPhase section */

/* Begin PBXVariantGroup section */
		596715611EC2B6FF00D234DE /* Main.storyboard */ = {
			isa = PBXVariantGroup;
			children = (
				596715621EC2B6FF00D234DE /* Base */,
			);
			name = Main.storyboard;
			sourceTree = "<group>";
		};
		596715661EC2B6FF00D234DE /* LaunchScreen.storyboard */ = {
			isa = PBXVariantGroup;
			children = (
				596715671EC2B6FF00D234DE /* Base */,
			);
			name = LaunchScreen.storyboard;
			sourceTree = "<group>";
		};
/* End PBXVariantGroup section */

/* Begin XCBuildConfiguration section */
		5967156A1EC2B6FF00D234DE /* Debug */ = {
			isa = XCBuildConfiguration;
			buildSettings = {
				ALWAYS_SEARCH_USER_PATHS = NO;
				CLANG_ANALYZER_NONNULL = YES;
				CLANG_ANALYZER_NUMBER_OBJECT_CONVERSION = YES_AGGRESSIVE;
				CLANG_CXX_LANGUAGE_STANDARD = "gnu++0x";
				CLANG_CXX_LIBRARY = "libc++";
				CLANG_ENABLE_MODULES = YES;
				CLANG_ENABLE_OBJC_ARC = YES;
				CLANG_WARN_BOOL_CONVERSION = YES;
				CLANG_WARN_CONSTANT_CONVERSION = YES;
				CLANG_WARN_DIRECT_OBJC_ISA_USAGE = YES_ERROR;
				CLANG_WARN_DOCUMENTATION_COMMENTS = YES;
				CLANG_WARN_EMPTY_BODY = YES;
				CLANG_WARN_ENUM_CONVERSION = YES;
				CLANG_WARN_INFINITE_RECURSION = YES;
				CLANG_WARN_INT_CONVERSION = YES;
				CLANG_WARN_OBJC_ROOT_CLASS = YES_ERROR;
				CLANG_WARN_SUSPICIOUS_MOVE = YES;
				CLANG_WARN_UNREACHABLE_CODE = YES;
				CLANG_WARN__DUPLICATE_METHOD_MATCH = YES;
				"CODE_SIGN_IDENTITY[sdk=iphoneos*]" = "iPhone Developer";
				COPY_PHASE_STRIP = NO;
				DEBUG_INFORMATION_FORMAT = dwarf;
				ENABLE_STRICT_OBJC_MSGSEND = YES;
				ENABLE_TESTABILITY = YES;
				GCC_C_LANGUAGE_STANDARD = gnu99;
				GCC_DYNAMIC_NO_PIC = NO;
				GCC_NO_COMMON_BLOCKS = YES;
				GCC_OPTIMIZATION_LEVEL = 0;
				GCC_PREPROCESSOR_DEFINITIONS = (
					"DEBUG=1",
					"$(inherited)",
				);
				GCC_WARN_64_TO_32_BIT_CONVERSION = YES;
				GCC_WARN_ABOUT_RETURN_TYPE = YES_ERROR;
				GCC_WARN_UNDECLARED_SELECTOR = YES;
				GCC_WARN_UNINITIALIZED_AUTOS = YES_AGGRESSIVE;
				GCC_WARN_UNUSED_FUNCTION = YES;
				GCC_WARN_UNUSED_VARIABLE = YES;
				IPHONEOS_DEPLOYMENT_TARGET = 10.3;
				MTL_ENABLE_DEBUG_INFO = YES;
				ONLY_ACTIVE_ARCH = YES;
				SDKROOT = iphoneos;
			};
			name = Debug;
		};
		5967156B1EC2B6FF00D234DE /* Release */ = {
			isa = XCBuildConfiguration;
			buildSettings = {
				ALWAYS_SEARCH_USER_PATHS = NO;
				CLANG_ANALYZER_NONNULL = YES;
				CLANG_ANALYZER_NUMBER_OBJECT_CONVERSION = YES_AGGRESSIVE;
				CLANG_CXX_LANGUAGE_STANDARD = "gnu++0x";
				CLANG_CXX_LIBRARY = "libc++";
				CLANG_ENABLE_MODULES = YES;
				CLANG_ENABLE_OBJC_ARC = YES;
				CLANG_WARN_BOOL_CONVERSION = YES;
				CLANG_WARN_CONSTANT_CONVERSION = YES;
				CLANG_WARN_DIRECT_OBJC_ISA_USAGE = YES_ERROR;
				CLANG_WARN_DOCUMENTATION_COMMENTS = YES;
				CLANG_WARN_EMPTY_BODY = YES;
				CLANG_WARN_ENUM_CONVERSION = YES;
				CLANG_WARN_INFINITE_RECURSION = YES;
				CLANG_WARN_INT_CONVERSION = YES;
				CLANG_WARN_OBJC_ROOT_CLASS = YES_ERROR;
				CLANG_WARN_SUSPICIOUS_MOVE = YES;
				CLANG_WARN_UNREACHABLE_CODE = YES;
				CLANG_WARN__DUPLICATE_METHOD_MATCH = YES;
				"CODE_SIGN_IDENTITY[sdk=iphoneos*]" = "iPhone Developer";
				COPY_PHASE_STRIP = NO;
				DEBUG_INFORMATION_FORMAT = "dwarf-with-dsym";
				ENABLE_NS_ASSERTIONS = NO;
				ENABLE_STRICT_OBJC_MSGSEND = YES;
				GCC_C_LANGUAGE_STANDARD = gnu99;
				GCC_NO_COMMON_BLOCKS = YES;
				GCC_WARN_64_TO_32_BIT_CONVERSION = YES;
				GCC_WARN_ABOUT_RETURN_TYPE = YES_ERROR;
				GCC_WARN_UNDECLARED_SELECTOR = YES;
				GCC_WARN_UNINITIALIZED_AUTOS = YES_AGGRESSIVE;
				GCC_WARN_UNUSED_FUNCTION = YES;
				GCC_WARN_UNUSED_VARIABLE = YES;
				IPHONEOS_DEPLOYMENT_TARGET = 10.3;
				MTL_ENABLE_DEBUG_INFO = NO;
				SDKROOT = iphoneos;
				VALIDATE_PRODUCT = YES;
			};
			name = Release;
		};
		5967156D1EC2B6FF00D234DE /* Debug */ = {
			isa = XCBuildConfiguration;
			buildSettings = {
				ASSETCATALOG_COMPILER_APPICON_NAME = AppIcon;
				DEVELOPMENT_TEAM = H7X2WW2UAU;
				INFOPLIST_FILE = "JS与OC交互/Info.plist";
				LD_RUNPATH_SEARCH_PATHS = "$(inherited) @executable_path/Frameworks";
				PRODUCT_BUNDLE_IDENTIFIER = "com.chenyouwen.JS-OC--";
				PRODUCT_NAME = "$(TARGET_NAME)";
			};
			name = Debug;
		};
		5967156E1EC2B6FF00D234DE /* Release */ = {
			isa = XCBuildConfiguration;
			buildSettings = {
				ASSETCATALOG_COMPILER_APPICON_NAME = AppIcon;
				DEVELOPMENT_TEAM = H7X2WW2UAU;
				INFOPLIST_FILE = "JS与OC交互/Info.plist";
				LD_RUNPATH_SEARCH_PATHS = "$(inherited) @executable_path/Frameworks";
				PRODUCT_BUNDLE_IDENTIFIER = "com.chenyouwen.JS-OC--";
				PRODUCT_NAME = "$(TARGET_NAME)";
			};
			name = Release;
		};
/* End XCBuildConfiguration section */

/* Begin XCConfigurationList section */
		596715501EC2B6FF00D234DE /* Build configuration list for PBXProject "JS与OC交互" */ = {
			isa = XCConfigurationList;
			buildConfigurations = (
				5967156A1EC2B6FF00D234DE /* Debug */,
				5967156B1EC2B6FF00D234DE /* Release */,
			);
			defaultConfigurationIsVisible = 0;
			defaultConfigurationName = Release;
		};
		5967156C1EC2B6FF00D234DE /* Build configuration list for PBXNativeTarget "JS与OC交互" */ = {
			isa = XCConfigurationList;
			buildConfigurations = (
				5967156D1EC2B6FF00D234DE /* Debug */,
				5967156E1EC2B6FF00D234DE /* Release */,
			);
			defaultConfigurationIsVisible = 0;
			defaultConfigurationName = Release;
		};
/* End XCConfigurationList section */
	};
	rootObject = 5967154D1EC2B6FF00D234DE /* Project object */;
}
